
Microsoft Visual Studio Solution File, Format Version 12.00
# Visual Studio 15
VisualStudioVersion = 15.0.28010.2003
MinimumVisualStudioVersion = 10.0.40219.1
Project("{FAE04EC0-301F-11D3-BF4B-00C04F79EFBC}") = "array2", "array2\array2.csproj", "{B14EE5AF-6333-4291-ABE7-A19011AC6A2E}"
EndProject
Global
	GlobalSection(SolutionConfigurationPlatforms) = preSolution
		Debug|Any CPU = Debug|Any CPU
		Release|Any CPU = Release|Any CPU
	EndGlobalSection
	GlobalSection(ProjectConfigurationPlatforms) = postSolution
		{B14EE5AF-6333-4291-ABE7-A19011AC6A2E}.Debug|Any CPU.ActiveCfg = Debug|Any CPU
		{B14EE5AF-6333-4291-ABE7-A19011AC6A2E}.Debug|Any CPU.Build.0 = Debug|Any CPU
		{B14EE5AF-6333-4291-ABE7-A19011AC6A2E}.Release|Any CPU.ActiveCfg = Release|Any CPU
		{B14EE5AF-6333-4291-ABE7-A19011AC6A2E}.Release|Any CPU.Build.0 = Release|Any CPU
	EndGlobalSection
	GlobalSection(SolutionProperties) = preSolution
		HideSolutionNode = FALSE
	EndGlobalSection
	GlobalSection(ExtensibilityGlobals) = postSolution
		SolutionGuid = {783EF7CB-4AC6-4EA1-9C86-ADF3D657A885}
	EndGlobalSection
EndGlobal
